
Microsoft Visual Studio Solution File, Format Version 12.00
# Visual Studio Version 16
VisualStudioVersion = 16.0.30420.98
MinimumVisualStudioVersion = 10.0.40219.1
Project("{9A19103F-16F7-4668-BE54-9A1E7A4F7556}") = "OpenBlam.Serialization", "OpenBlam.Serialization\OpenBlam.Serialization.csproj", "{1EEDDDA6-B51F-4EF6-9DFC-308099E63876}"
EndProject
Project("{9A19103F-16F7-4668-BE54-9A1E7A4F7556}") = "OpenBlam.Serialization.Tests", "OpenBlam.Serialization.Tests\OpenBlam.Serialization.Tests.csproj", "{EB2424E3-A878-4167-AF74-484942FC7946}"
EndProject
Project("{9A19103F-16F7-4668-BE54-9A1E7A4F7556}") = "OpenBlam.Core", "OpenBlam.Core\OpenBlam.Core.csproj", "{F3457F10-24A5-491F-AB52-BA70F9D8AD49}"
EndProject
Project("{9A19103F-16F7-4668-BE54-9A1E7A4F7556}") = "OpenBlam.Core.Tests", "OpenBlam.Core.Tests\OpenBlam.Core.Tests.csproj", "{FAC85C71-4D6F-403F-9F7A-C7D4FBF414FA}"
EndProject
Project("{9A19103F-16F7-4668-BE54-9A1E7A4F7556}") = "OpenBlam.Halo3", "OpenBlam.Halo3\OpenBlam.Halo3.csproj", "{E5BF495E-FED0-4CE6-93C6-228A6822033E}"
EndProject
Project("{9A19103F-16F7-4668-BE54-9A1E7A4F7556}") = "OpenBlam.Halo3.Tests", "OpenBlam.Halo3.Tests\OpenBlam.Halo3.Tests.csproj", "{BEF07EC2-482C-465B-88E7-1BAFDBA02673}"
EndProject
Project("{FAE04EC0-301F-11D3-BF4B-00C04F79EFBC}") = "OpenBlam.Core.Benchmarks", "OpenBlam.Core.Benchmarks\OpenBlam.Core.Benchmarks.csproj", "{A9C26526-F37D-48F3-8575-D9A85B75F7E8}"
EndProject
Global
	GlobalSection(SolutionConfigurationPlatforms) = preSolution
		Debug|Any CPU = Debug|Any CPU
		Release|Any CPU = Release|Any CPU
	EndGlobalSection
	GlobalSection(ProjectConfigurationPlatforms) = postSolution
		{1EEDDDA6-B51F-4EF6-9DFC-308099E63876}.Debug|Any CPU.ActiveCfg = Debug|Any CPU
		{1EEDDDA6-B51F-4EF6-9DFC-308099E63876}.Debug|Any CPU.Build.0 = Debug|Any CPU
		{1EEDDDA6-B51F-4EF6-9DFC-308099E63876}.Release|Any CPU.ActiveCfg = Release|Any CPU
		{1EEDDDA6-B51F-4EF6-9DFC-308099E63876}.Release|Any CPU.Build.0 = Release|Any CPU
		{EB2424E3-A878-4167-AF74-484942FC7946}.Debug|Any CPU.ActiveCfg = Debug|Any CPU
		{EB2424E3-A878-4167-AF74-484942FC7946}.Debug|Any CPU.Build.0 = Debug|Any CPU
		{EB2424E3-A878-4167-AF74-484942FC7946}.Release|Any CPU.ActiveCfg = Release|Any CPU
		{EB2424E3-A878-4167-AF74-484942FC7946}.Release|Any CPU.Build.0 = Release|Any CPU
		{F3457F10-24A5-491F-AB52-BA70F9D8AD49}.Debug|Any CPU.ActiveCfg = Debug|Any CPU
		{F3457F10-24A5-491F-AB52-BA70F9D8AD49}.Debug|Any CPU.Build.0 = Debug|Any CPU
		{F3457F10-24A5-491F-AB52-BA70F9D8AD49}.Release|Any CPU.ActiveCfg = Release|Any CPU
		{F3457F10-24A5-491F-AB52-BA70F9D8AD49}.Release|Any CPU.Build.0 = Release|Any CPU
		{FAC85C71-4D6F-403F-9F7A-C7D4FBF414FA}.Debug|Any CPU.ActiveCfg = Debug|Any CPU
		{FAC85C71-4D6F-403F-9F7A-C7D4FBF414FA}.Debug|Any CPU.Build.0 = Debug|Any CPU
		{FAC85C71-4D6F-403F-9F7A-C7D4FBF414FA}.Release|Any CPU.ActiveCfg = Release|Any CPU
		{FAC85C71-4D6F-403F-9F7A-C7D4FBF414FA}.Release|Any CPU.Build.0 = Release|Any CPU
		{E5BF495E-FED0-4CE6-93C6-228A6822033E}.Debug|Any CPU.ActiveCfg = Debug|Any CPU
		{E5BF495E-FED0-4CE6-93C6-228A6822033E}.Debug|Any CPU.Build.0 = Debug|Any CPU
		{E5BF495E-FED0-4CE6-93C6-228A6822033E}.Release|Any CPU.ActiveCfg = Release|Any CPU
		{E5BF495E-FED0-4CE6-93C6-228A6822033E}.Release|Any CPU.Build.0 = Release|Any CPU
		{BEF07EC2-482C-465B-88E7-1BAFDBA02673}.Debug|Any CPU.ActiveCfg = Debug|Any CPU
		{BEF07EC2-482C-465B-88E7-1BAFDBA02673}.Debug|Any CPU.Build.0 = Debug|Any CPU
		{BEF07EC2-482C-465B-88E7-1BAFDBA02673}.Release|Any CPU.ActiveCfg = Release|Any CPU
		{BEF07EC2-482C-465B-88E7-1BAFDBA02673}.Release|Any CPU.Build.0 = Release|Any CPU
		{A9C26526-F37D-48F3-8575-D9A85B75F7E8}.Debug|Any CPU.ActiveCfg = Debug|Any CPU
		{A9C26526-F37D-48F3-8575-D9A85B75F7E8}.Debug|Any CPU.Build.0 = Debug|Any CPU
		{A9C26526-F37D-48F3-8575-D9A85B75F7E8}.Release|Any CPU.ActiveCfg = Release|Any CPU
		{A9C26526-F37D-48F3-8575-D9A85B75F7E8}.Release|Any CPU.Build.0 = Release|Any CPU
	EndGlobalSection
	GlobalSection(SolutionProperties) = preSolution
		HideSolutionNode = FALSE
	EndGlobalSection
	GlobalSection(ExtensibilityGlobals) = postSolution
		SolutionGuid = {75AB8C78-5120-4CCE-B1D7-B4F93023D6D4}
	EndGlobalSection
EndGlobal
